
Microsoft Visual Studio Solution File, Format Version 12.00
# Visual Studio 15
VisualStudioVersion = 15.0.28010.2046
MinimumVisualStudioVersion = 10.0.40219.1
Project("{FAE04EC0-301F-11D3-BF4B-00C04F79EFBC}") = "Decision trees", "Decision trees\Decision trees.csproj", "{4C68E1B5-E495-4B75-9AB8-09BF68C1C2CD}"
EndProject
Global
	GlobalSection(SolutionConfigurationPlatforms) = preSolution
		Debug|Any CPU = Debug|Any CPU
		Release|Any CPU = Release|Any CPU
	EndGlobalSection
	GlobalSection(ProjectConfigurationPlatforms) = postSolution
		{4C68E1B5-E495-4B75-9AB8-09BF68C1C2CD}.Debug|Any CPU.ActiveCfg = Debug|Any CPU
		{4C68E1B5-E495-4B75-9AB8-09BF68C1C2CD}.Debug|Any CPU.Build.0 = Debug|Any CPU
		{4C68E1B5-E495-4B75-9AB8-09BF68C1C2CD}.Release|Any CPU.ActiveCfg = Release|Any CPU
		{4C68E1B5-E495-4B75-9AB8-09BF68C1C2CD}.Release|Any CPU.Build.0 = Release|Any CPU
	EndGlobalSection
	GlobalSection(SolutionProperties) = preSolution
		HideSolutionNode = FALSE
	EndGlobalSection
	GlobalSection(ExtensibilityGlobals) = postSolution
		SolutionGuid = {5AD83980-2191-44D0-A8E6-50B78F118D5A}
	EndGlobalSection
EndGlobal
